// !$*UTF8*$!
{
	archiveVersion = 1;
	classes = {
	};
	objectVersion = 46;
	objects = {

/* Begin PBXBuildFile section */
		84244E731E0C1545006061A2 /* version2.storyboard in Resources */ = {isa = PBXBuildFile; fileRef = 84244E721E0C1545006061A2 /* version2.storyboard */; };
		84244E751E0C15C1006061A2 /* test5ViewController.swift in Sources */ = {isa = PBXBuildFile; fileRef = 84244E741E0C15C1006061A2 /* test5ViewController.swift */; };
		8424532B1DF8AC1E002F057E /* TestViewController.swift in Sources */ = {isa = PBXBuildFile; fileRef = 8424532A1DF8AC1E002F057E /* TestViewController.swift */; };
		844B75DF1E01E99A00401C4E /* LabTestViewController.swift in Sources */ = {isa = PBXBuildFile; fileRef = 844B75DE1E01E99A00401C4E /* LabTestViewController.swift */; };
		84880DFF1E09D1990016DE2A /* shape4.swift in Sources */ = {isa = PBXBuildFile; fileRef = 84880DFE1E09D1990016DE2A /* shape4.swift */; };
		848C542E1DF7009B00F4B762 /* garbage.swift in Sources */ = {isa = PBXBuildFile; fileRef = 848C542D1DF7009B00F4B762 /* garbage.swift */; };
		848C54301DF720BE00F4B762 /* shapeV2.swift in Sources */ = {isa = PBXBuildFile; fileRef = 848C542F1DF720BE00F4B762 /* shapeV2.swift */; };
		84E877391E06249700C9339F /* Model.swift in Sources */ = {isa = PBXBuildFile; fileRef = 84E877381E06249700C9339F /* Model.swift */; };
		84EE14CC1E0B75B400467585 /* shape5.swift in Sources */ = {isa = PBXBuildFile; fileRef = 84EE14CB1E0B75B400467585 /* shape5.swift */; };
		84F2DD4F1DF079AC00AD45A7 /* StackedShape.swift in Sources */ = {isa = PBXBuildFile; fileRef = 84F2DD4E1DF079AC00AD45A7 /* StackedShape.swift */; };
		84F3B93A1DD6951800C8D0F0 /* AppDelegate.swift in Sources */ = {isa = PBXBuildFile; fileRef = 84F3B9391DD6951800C8D0F0 /* AppDelegate.swift */; };
		84F3B93C1DD6951800C8D0F0 /* ViewController.swift in Sources */ = {isa = PBXBuildFile; fileRef = 84F3B93B1DD6951800C8D0F0 /* ViewController.swift */; };
		84F3B93F1DD6951800C8D0F0 /* Main.storyboard in Resources */ = {isa = PBXBuildFile; fileRef = 84F3B93D1DD6951800C8D0F0 /* Main.storyboard */; };
		84F3B9411DD6951800C8D0F0 /* Assets.xcassets in Resources */ = {isa = PBXBuildFile; fileRef = 84F3B9401DD6951800C8D0F0 /* Assets.xcassets */; };
		84F3B9441DD6951800C8D0F0 /* LaunchScreen.storyboard in Resources */ = {isa = PBXBuildFile; fileRef = 84F3B9421DD6951800C8D0F0 /* LaunchScreen.storyboard */; };
		84F3B94C1DD6952A00C8D0F0 /* data.swift in Sources */ = {isa = PBXBuildFile; fileRef = 84F3B94B1DD6952A00C8D0F0 /* data.swift */; };
		84F95F0D1E039FE100C86210 /* Test3ViewController.swift in Sources */ = {isa = PBXBuildFile; fileRef = 84F95F0C1E039FE100C86210 /* Test3ViewController.swift */; };
		84F95F0F1E03A1E700C86210 /* shapev3.swift in Sources */ = {isa = PBXBuildFile; fileRef = 84F95F0E1E03A1E700C86210 /* shapev3.swift */; };
		AAB25392D87105A438CB3C64 /* Pods_protoBlast.framework in Frameworks */ = {isa = PBXBuildFile; fileRef = E9E60277CA2CA864CD45A6DE /* Pods_protoBlast.framework */; };
/* End PBXBuildFile section */

/* Begin PBXFileReference section */
		300AD6080DDF093CA0FF39BD /* Pods-protoBlast.debug.xcconfig */ = {isa = PBXFileReference; includeInIndex = 1; lastKnownFileType = text.xcconfig; name = "Pods-protoBlast.debug.xcconfig"; path = "Pods/Target Support Files/Pods-protoBlast/Pods-protoBlast.debug.xcconfig"; sourceTree = "<group>"; };
		6FD3C44F66E8F41E10C321E6 /* Pods-protoBlast.release.xcconfig */ = {isa = PBXFileReference; includeInIndex = 1; lastKnownFileType = text.xcconfig; name = "Pods-protoBlast.release.xcconfig"; path = "Pods/Target Support Files/Pods-protoBlast/Pods-protoBlast.release.xcconfig"; sourceTree = "<group>"; };
		84244E721E0C1545006061A2 /* version2.storyboard */ = {isa = PBXFileReference; fileEncoding = 4; lastKnownFileType = file.storyboard; path = version2.storyboard; sourceTree = "<group>"; };
		84244E741E0C15C1006061A2 /* test5ViewController.swift */ = {isa = PBXFileReference; fileEncoding = 4; lastKnownFileType = sourcecode.swift; path = test5ViewController.swift; sourceTree = "<group>"; };
		8424532A1DF8AC1E002F057E /* TestViewController.swift */ = {isa = PBXFileReference; fileEncoding = 4; lastKnownFileType = sourcecode.swift; path = TestViewController.swift; sourceTree = "<group>"; };
		844B75DE1E01E99A00401C4E /* LabTestViewController.swift */ = {isa = PBXFileReference; fileEncoding = 4; lastKnownFileType = sourcecode.swift; path = LabTestViewController.swift; sourceTree = "<group>"; };
		84880DFE1E09D1990016DE2A /* shape4.swift */ = {isa = PBXFileReference; fileEncoding = 4; lastKnownFileType = sourcecode.swift; path = shape4.swift; sourceTree = "<group>"; };
		848C542D1DF7009B00F4B762 /* garbage.swift */ = {isa = PBXFileReference; fileEncoding = 4; lastKnownFileType = sourcecode.swift; path = garbage.swift; sourceTree = "<group>"; };
		848C542F1DF720BE00F4B762 /* shapeV2.swift */ = {isa = PBXFileReference; fileEncoding = 4; lastKnownFileType = sourcecode.swift; path = shapeV2.swift; sourceTree = "<group>"; };
		84E877381E06249700C9339F /* Model.swift */ = {isa = PBXFileReference; fileEncoding = 4; lastKnownFileType = sourcecode.swift; path = Model.swift; sourceTree = "<group>"; };
		84EE14CB1E0B75B400467585 /* shape5.swift */ = {isa = PBXFileReference; fileEncoding = 4; lastKnownFileType = sourcecode.swift; path = shape5.swift; sourceTree = "<group>"; };
		84F2DD4E1DF079AC00AD45A7 /* StackedShape.swift */ = {isa = PBXFileReference; fileEncoding = 4; lastKnownFileType = sourcecode.swift; path = StackedShape.swift; sourceTree = "<group>"; };
		84F3B9361DD6951800C8D0F0 /* protoBlast.app */ = {isa = PBXFileReference; explicitFileType = wrapper.application; includeInIndex = 0; path = protoBlast.app; sourceTree = BUILT_PRODUCTS_DIR; };
		84F3B9391DD6951800C8D0F0 /* AppDelegate.swift */ = {isa = PBXFileReference; lastKnownFileType = sourcecode.swift; path = AppDelegate.swift; sourceTree = "<group>"; };
		84F3B93B1DD6951800C8D0F0 /* ViewController.swift */ = {isa = PBXFileReference; lastKnownFileType = sourcecode.swift; path = ViewController.swift; sourceTree = "<group>"; };
		84F3B93E1DD6951800C8D0F0 /* Base */ = {isa = PBXFileReference; lastKnownFileType = file.storyboard; name = Base; path = Base.lproj/Main.storyboard; sourceTree = "<group>"; };
		84F3B9401DD6951800C8D0F0 /* Assets.xcassets */ = {isa = PBXFileReference; lastKnownFileType = folder.assetcatalog; path = Assets.xcassets; sourceTree = "<group>"; };
		84F3B9431DD6951800C8D0F0 /* Base */ = {isa = PBXFileReference; lastKnownFileType = file.storyboard; name = Base; path = Base.lproj/LaunchScreen.storyboard; sourceTree = "<group>"; };
		84F3B9451DD6951800C8D0F0 /* Info.plist */ = {isa = PBXFileReference; lastKnownFileType = text.plist.xml; path = Info.plist; sourceTree = "<group>"; };
		84F3B94B1DD6952A00C8D0F0 /* data.swift */ = {isa = PBXFileReference; fileEncoding = 4; lastKnownFileType = sourcecode.swift; path = data.swift; sourceTree = "<group>"; };
		84F95F0C1E039FE100C86210 /* Test3ViewController.swift */ = {isa = PBXFileReference; fileEncoding = 4; lastKnownFileType = sourcecode.swift; path = Test3ViewController.swift; sourceTree = "<group>"; };
		84F95F0E1E03A1E700C86210 /* shapev3.swift */ = {isa = PBXFileReference; fileEncoding = 4; lastKnownFileType = sourcecode.swift; path = shapev3.swift; sourceTree = "<group>"; };
		E9E60277CA2CA864CD45A6DE /* Pods_protoBlast.framework */ = {isa = PBXFileReference; explicitFileType = wrapper.framework; includeInIndex = 0; path = Pods_protoBlast.framework; sourceTree = BUILT_PRODUCTS_DIR; };
/* End PBXFileReference section */

/* Begin PBXFrameworksBuildPhase section */
		84F3B9331DD6951800C8D0F0 /* Frameworks */ = {
			isa = PBXFrameworksBuildPhase;
			buildActionMask = 2147483647;
			files = (
				AAB25392D87105A438CB3C64 /* Pods_protoBlast.framework in Frameworks */,
			);
			runOnlyForDeploymentPostprocessing = 0;
		};
/* End PBXFrameworksBuildPhase section */

/* Begin PBXGroup section */
		16D6F634A771917EA52E7C48 /* Pods */ = {
			isa = PBXGroup;
			children = (
				300AD6080DDF093CA0FF39BD /* Pods-protoBlast.debug.xcconfig */,
				6FD3C44F66E8F41E10C321E6 /* Pods-protoBlast.release.xcconfig */,
			);
			name = Pods;
			sourceTree = "<group>";
		};
		84E3D0A81E08E57200B5ADB7 /* garbage */ = {
			isa = PBXGroup;
			children = (
				84F3B93B1DD6951800C8D0F0 /* ViewController.swift */,
				8424532A1DF8AC1E002F057E /* TestViewController.swift */,
				848C542F1DF720BE00F4B762 /* shapeV2.swift */,
				84F2DD4E1DF079AC00AD45A7 /* StackedShape.swift */,
				848C542D1DF7009B00F4B762 /* garbage.swift */,
				844B75DE1E01E99A00401C4E /* LabTestViewController.swift */,
				84F95F0C1E039FE100C86210 /* Test3ViewController.swift */,
				84F95F0E1E03A1E700C86210 /* shapev3.swift */,
				84880DFE1E09D1990016DE2A /* shape4.swift */,
			);
			name = garbage;
			sourceTree = "<group>";
		};
		84F3B92D1DD6951800C8D0F0 = {
			isa = PBXGroup;
			children = (
				84F3B9381DD6951800C8D0F0 /* protoBlast */,
				84F3B9371DD6951800C8D0F0 /* Products */,
				16D6F634A771917EA52E7C48 /* Pods */,
				AE16C8C5FE218D5EC23EBE26 /* Frameworks */,
			);
			sourceTree = "<group>";
		};
		84F3B9371DD6951800C8D0F0 /* Products */ = {
			isa = PBXGroup;
			children = (
				84F3B9361DD6951800C8D0F0 /* protoBlast.app */,
			);
			name = Products;
			sourceTree = "<group>";
		};
		84F3B9381DD6951800C8D0F0 /* protoBlast */ = {
			isa = PBXGroup;
			children = (
				84E3D0A81E08E57200B5ADB7 /* garbage */,
				84F3B9391DD6951800C8D0F0 /* AppDelegate.swift */,
				84F3B94B1DD6952A00C8D0F0 /* data.swift */,
				84EE14CB1E0B75B400467585 /* shape5.swift */,
				84E877381E06249700C9339F /* Model.swift */,
				84244E721E0C1545006061A2 /* version2.storyboard */,
				84244E741E0C15C1006061A2 /* test5ViewController.swift */,
				84F3B93D1DD6951800C8D0F0 /* Main.storyboard */,
				84F3B9401DD6951800C8D0F0 /* Assets.xcassets */,
				84F3B9421DD6951800C8D0F0 /* LaunchScreen.storyboard */,
				84F3B9451DD6951800C8D0F0 /* Info.plist */,
			);
			path = protoBlast;
			sourceTree = "<group>";
		};
		AE16C8C5FE218D5EC23EBE26 /* Frameworks */ = {
			isa = PBXGroup;
			children = (
				E9E60277CA2CA864CD45A6DE /* Pods_protoBlast.framework */,
			);
			name = Frameworks;
			sourceTree = "<group>";
		};
/* End PBXGroup section */

/* Begin PBXNativeTarget section */
		84F3B9351DD6951800C8D0F0 /* protoBlast */ = {
			isa = PBXNativeTarget;
			buildConfigurationList = 84F3B9481DD6951800C8D0F0 /* Build configuration list for PBXNativeTarget "protoBlast" */;
			buildPhases = (
				EDB0B5777AB1F141AAC74409 /* [CP] Check Pods Manifest.lock */,
				84F3B9321DD6951800C8D0F0 /* Sources */,
				84F3B9331DD6951800C8D0F0 /* Frameworks */,
				84F3B9341DD6951800C8D0F0 /* Resources */,
				F3895E628B3911E16DDDE119 /* [CP] Embed Pods Frameworks */,
				C0C93D846574D82AA53080A1 /* [CP] Copy Pods Resources */,
				84D292AE1DFCF7A8003728EE /* ShellScript */,
			);
			buildRules = (
			);
			dependencies = (
			);
			name = protoBlast;
			productName = protoBlast;
			productReference = 84F3B9361DD6951800C8D0F0 /* protoBlast.app */;
			productType = "com.apple.product-type.application";
		};
/* End PBXNativeTarget section */

/* Begin PBXProject section */
		84F3B92E1DD6951800C8D0F0 /* Project object */ = {
			isa = PBXProject;
			attributes = {
				LastSwiftUpdateCheck = 0810;
				LastUpgradeCheck = 0810;
				ORGANIZATIONNAME = "Edward Han";
				TargetAttributes = {
					84F3B9351DD6951800C8D0F0 = {
						CreatedOnToolsVersion = 8.1;
						ProvisioningStyle = Automatic;
					};
				};
			};
			buildConfigurationList = 84F3B9311DD6951800C8D0F0 /* Build configuration list for PBXProject "protoBlast" */;
			compatibilityVersion = "Xcode 3.2";
			developmentRegion = English;
			hasScannedForEncodings = 0;
			knownRegions = (
				en,
				Base,
			);
			mainGroup = 84F3B92D1DD6951800C8D0F0;
			productRefGroup = 84F3B9371DD6951800C8D0F0 /* Products */;
			projectDirPath = "";
			projectRoot = "";
			targets = (
				84F3B9351DD6951800C8D0F0 /* protoBlast */,
			);
		};
/* End PBXProject section */

/* Begin PBXResourcesBuildPhase section */
		84F3B9341DD6951800C8D0F0 /* Resources */ = {
			isa = PBXResourcesBuildPhase;
			buildActionMask = 2147483647;
			files = (
				84F3B9441DD6951800C8D0F0 /* LaunchScreen.storyboard in Resources */,
				84F3B9411DD6951800C8D0F0 /* Assets.xcassets in Resources */,
				84244E731E0C1545006061A2 /* version2.storyboard in Resources */,
				84F3B93F1DD6951800C8D0F0 /* Main.storyboard in Resources */,
			);
			runOnlyForDeploymentPostprocessing = 0;
		};
/* End PBXResourcesBuildPhase section */

/* Begin PBXShellScriptBuildPhase section */
		84D292AE1DFCF7A8003728EE /* ShellScript */ = {
			isa = PBXShellScriptBuildPhase;
			buildActionMask = 2147483647;
			files = (
			);
			inputPaths = (
			);
			outputPaths = (
			);
			runOnlyForDeploymentPostprocessing = 0;
			shellPath = /bin/sh;
			shellScript = "\"${PODS_ROOT}/Fabric/run\" 7ce1ea32354a89edc326daf15ef65b18d6aadccf 12d1216f75d969030c60c521869a04a98df64303a268e1d8967fa020dbef272e\n";
		};
		C0C93D846574D82AA53080A1 /* [CP] Copy Pods Resources */ = {
			isa = PBXShellScriptBuildPhase;
			buildActionMask = 2147483647;
			files = (
			);
			inputPaths = (
			);
			name = "[CP] Copy Pods Resources";
			outputPaths = (
			);
			runOnlyForDeploymentPostprocessing = 0;
			shellPath = /bin/sh;
			shellScript = "\"${SRCROOT}/Pods/Target Support Files/Pods-protoBlast/Pods-protoBlast-resources.sh\"\n";
			showEnvVarsInLog = 0;
		};
		EDB0B5777AB1F141AAC74409 /* [CP] Check Pods Manifest.lock */ = {
			isa = PBXShellScriptBuildPhase;
			buildActionMask = 2147483647;
			files = (
			);
			inputPaths = (
			);
			name = "[CP] Check Pods Manifest.lock";
			outputPaths = (
			);
			runOnlyForDeploymentPostprocessing = 0;
			shellPath = /bin/sh;
			shellScript = "diff \"${PODS_ROOT}/../Podfile.lock\" \"${PODS_ROOT}/Manifest.lock\" > /dev/null\nif [ $? != 0 ] ; then\n    # print error to STDERR\n    echo \"error: The sandbox is not in sync with the Podfile.lock. Run 'pod install' or update your CocoaPods installation.\" >&2\n    exit 1\nfi\n";
			showEnvVarsInLog = 0;
		};
		F3895E628B3911E16DDDE119 /* [CP] Embed Pods Frameworks */ = {
			isa = PBXShellScriptBuildPhase;
			buildActionMask = 2147483647;
			files = (
			);
			inputPaths = (
			);
			name = "[CP] Embed Pods Frameworks";
			outputPaths = (
			);
			runOnlyForDeploymentPostprocessing = 0;
			shellPath = /bin/sh;
			shellScript = "\"${SRCROOT}/Pods/Target Support Files/Pods-protoBlast/Pods-protoBlast-frameworks.sh\"\n";
			showEnvVarsInLog = 0;
		};
/* End PBXShellScriptBuildPhase section */

/* Begin PBXSourcesBuildPhase section */
		84F3B9321DD6951800C8D0F0 /* Sources */ = {
			isa = PBXSourcesBuildPhase;
			buildActionMask = 2147483647;
			files = (
				84880DFF1E09D1990016DE2A /* shape4.swift in Sources */,
				84F3B93C1DD6951800C8D0F0 /* ViewController.swift in Sources */,
				8424532B1DF8AC1E002F057E /* TestViewController.swift in Sources */,
				84F2DD4F1DF079AC00AD45A7 /* StackedShape.swift in Sources */,
				848C542E1DF7009B00F4B762 /* garbage.swift in Sources */,
				84F95F0F1E03A1E700C86210 /* shapev3.swift in Sources */,
				844B75DF1E01E99A00401C4E /* LabTestViewController.swift in Sources */,
				848C54301DF720BE00F4B762 /* shapeV2.swift in Sources */,
				84F3B94C1DD6952A00C8D0F0 /* data.swift in Sources */,
				84E877391E06249700C9339F /* Model.swift in Sources */,
				84244E751E0C15C1006061A2 /* test5ViewController.swift in Sources */,
				84F95F0D1E039FE100C86210 /* Test3ViewController.swift in Sources */,
				84EE14CC1E0B75B400467585 /* shape5.swift in Sources */,
				84F3B93A1DD6951800C8D0F0 /* AppDelegate.swift in Sources */,
			);
			runOnlyForDeploymentPostprocessing = 0;
		};
/* End PBXSourcesBuildPhase section */

/* Begin PBXVariantGroup section */
		84F3B93D1DD6951800C8D0F0 /* Main.storyboard */ = {
			isa = PBXVariantGroup;
			children = (
				84F3B93E1DD6951800C8D0F0 /* Base */,
			);
			name = Main.storyboard;
			sourceTree = "<group>";
		};
		84F3B9421DD6951800C8D0F0 /* LaunchScreen.storyboard */ = {
			isa = PBXVariantGroup;
			children = (
				84F3B9431DD6951800C8D0F0 /* Base */,
			);
			name = LaunchScreen.storyboard;
			sourceTree = "<group>";
		};
/* End PBXVariantGroup section */

/* Begin XCBuildConfiguration section */
		84F3B9461DD6951800C8D0F0 /* Debug */ = {
			isa = XCBuildConfiguration;
			buildSettings = {
				ALWAYS_SEARCH_USER_PATHS = NO;
				CLANG_ANALYZER_NONNULL = YES;
				CLANG_CXX_LANGUAGE_STANDARD = "gnu++0x";
				CLANG_CXX_LIBRARY = "libc++";
				CLANG_ENABLE_MODULES = YES;
				CLANG_ENABLE_OBJC_ARC = YES;
				CLANG_WARN_BOOL_CONVERSION = YES;
				CLANG_WARN_CONSTANT_CONVERSION = YES;
				CLANG_WARN_DIRECT_OBJC_ISA_USAGE = YES_ERROR;
				CLANG_WARN_DOCUMENTATION_COMMENTS = YES;
				CLANG_WARN_EMPTY_BODY = YES;
				CLANG_WARN_ENUM_CONVERSION = YES;
				CLANG_WARN_INFINITE_RECURSION = YES;
				CLANG_WARN_INT_CONVERSION = YES;
				CLANG_WARN_OBJC_ROOT_CLASS = YES_ERROR;
				CLANG_WARN_SUSPICIOUS_MOVE = YES;
				CLANG_WARN_SUSPICIOUS_MOVES = YES;
				CLANG_WARN_UNREACHABLE_CODE = YES;
				CLANG_WARN__DUPLICATE_METHOD_MATCH = YES;
				"CODE_SIGN_IDENTITY[sdk=iphoneos*]" = "iPhone Developer";
				COPY_PHASE_STRIP = NO;
				DEBUG_INFORMATION_FORMAT = dwarf;
				ENABLE_STRICT_OBJC_MSGSEND = YES;
				ENABLE_TESTABILITY = YES;
				GCC_C_LANGUAGE_STANDARD = gnu99;
				GCC_DYNAMIC_NO_PIC = NO;
				GCC_NO_COMMON_BLOCKS = YES;
				GCC_OPTIMIZATION_LEVEL = 0;
				GCC_PREPROCESSOR_DEFINITIONS = (
					"DEBUG=1",
					"$(inherited)",
				);
				GCC_WARN_64_TO_32_BIT_CONVERSION = YES;
				GCC_WARN_ABOUT_RETURN_TYPE = YES_ERROR;
				GCC_WARN_UNDECLARED_SELECTOR = YES;
				GCC_WARN_UNINITIALIZED_AUTOS = YES_AGGRESSIVE;
				GCC_WARN_UNUSED_FUNCTION = YES;
				GCC_WARN_UNUSED_VARIABLE = YES;
				IPHONEOS_DEPLOYMENT_TARGET = 10.1;
				MTL_ENABLE_DEBUG_INFO = YES;
				ONLY_ACTIVE_ARCH = YES;
				SDKROOT = iphoneos;
				SWIFT_ACTIVE_COMPILATION_CONDITIONS = DEBUG;
				SWIFT_OPTIMIZATION_LEVEL = "-Onone";
			};
			name = Debug;
		};
		84F3B9471DD6951800C8D0F0 /* Release */ = {
			isa = XCBuildConfiguration;
			buildSettings = {
				ALWAYS_SEARCH_USER_PATHS = NO;
				CLANG_ANALYZER_NONNULL = YES;
				CLANG_CXX_LANGUAGE_STANDARD = "gnu++0x";
				CLANG_CXX_LIBRARY = "libc++";
				CLANG_ENABLE_MODULES = YES;
				CLANG_ENABLE_OBJC_ARC = YES;
				CLANG_WARN_BOOL_CONVERSION = YES;
				CLANG_WARN_CONSTANT_CONVERSION = YES;
				CLANG_WARN_DIRECT_OBJC_ISA_USAGE = YES_ERROR;
				CLANG_WARN_DOCUMENTATION_COMMENTS = YES;
				CLANG_WARN_EMPTY_BODY = YES;
				CLANG_WARN_ENUM_CONVERSION = YES;
				CLANG_WARN_INFINITE_RECURSION = YES;
				CLANG_WARN_INT_CONVERSION = YES;
				CLANG_WARN_OBJC_ROOT_CLASS = YES_ERROR;
				CLANG_WARN_SUSPICIOUS_MOVE = YES;
				CLANG_WARN_SUSPICIOUS_MOVES = YES;
				CLANG_WARN_UNREACHABLE_CODE = YES;
				CLANG_WARN__DUPLICATE_METHOD_MATCH = YES;
				"CODE_SIGN_IDENTITY[sdk=iphoneos*]" = "iPhone Developer";
				COPY_PHASE_STRIP = NO;
				DEBUG_INFORMATION_FORMAT = "dwarf-with-dsym";
				ENABLE_NS_ASSERTIONS = NO;
				ENABLE_STRICT_OBJC_MSGSEND = YES;
				GCC_C_LANGUAGE_STANDARD = gnu99;
				GCC_NO_COMMON_BLOCKS = YES;
				GCC_WARN_64_TO_32_BIT_CONVERSION = YES;
				GCC_WARN_ABOUT_RETURN_TYPE = YES_ERROR;
				GCC_WARN_UNDECLARED_SELECTOR = YES;
				GCC_WARN_UNINITIALIZED_AUTOS = YES_AGGRESSIVE;
				GCC_WARN_UNUSED_FUNCTION = YES;
				GCC_WARN_UNUSED_VARIABLE = YES;
				IPHONEOS_DEPLOYMENT_TARGET = 10.1;
				MTL_ENABLE_DEBUG_INFO = NO;
				SDKROOT = iphoneos;
				SWIFT_OPTIMIZATION_LEVEL = "-Owholemodule";
				VALIDATE_PRODUCT = YES;
			};
			name = Release;
		};
		84F3B9491DD6951800C8D0F0 /* Debug */ = {
			isa = XCBuildConfiguration;
			baseConfigurationReference = 300AD6080DDF093CA0FF39BD /* Pods-protoBlast.debug.xcconfig */;
			buildSettings = {
				ASSETCATALOG_COMPILER_APPICON_NAME = AppIcon;
				INFOPLIST_FILE = protoBlast/Info.plist;
				LD_RUNPATH_SEARCH_PATHS = "$(inherited) @executable_path/Frameworks";
				PRODUCT_BUNDLE_IDENTIFIER = ga.protoBlast;
				PRODUCT_NAME = "$(TARGET_NAME)";
				SWIFT_VERSION = 3.0;
			};
			name = Debug;
		};
		84F3B94A1DD6951800C8D0F0 /* Release */ = {
			isa = XCBuildConfiguration;
			baseConfigurationReference = 6FD3C44F66E8F41E10C321E6 /* Pods-protoBlast.release.xcconfig */;
			buildSettings = {
				ASSETCATALOG_COMPILER_APPICON_NAME = AppIcon;
				INFOPLIST_FILE = protoBlast/Info.plist;
				LD_RUNPATH_SEARCH_PATHS = "$(inherited) @executable_path/Frameworks";
				PRODUCT_BUNDLE_IDENTIFIER = ga.protoBlast;
				PRODUCT_NAME = "$(TARGET_NAME)";
				SWIFT_VERSION = 3.0;
			};
			name = Release;
		};
/* End XCBuildConfiguration section */

/* Begin XCConfigurationList section */
		84F3B9311DD6951800C8D0F0 /* Build configuration list for PBXProject "protoBlast" */ = {
			isa = XCConfigurationList;
			buildConfigurations = (
				84F3B9461DD6951800C8D0F0 /* Debug */,
				84F3B9471DD6951800C8D0F0 /* Release */,
			);
			defaultConfigurationIsVisible = 0;
			defaultConfigurationName = Release;
		};
		84F3B9481DD6951800C8D0F0 /* Build configuration list for PBXNativeTarget "protoBlast" */ = {
			isa = XCConfigurationList;
			buildConfigurations = (
				84F3B9491DD6951800C8D0F0 /* Debug */,
				84F3B94A1DD6951800C8D0F0 /* Release */,
			);
			defaultConfigurationIsVisible = 0;
			defaultConfigurationName = Release;
		};
/* End XCConfigurationList section */
	};
	rootObject = 84F3B92E1DD6951800C8D0F0 /* Project object */;
}
